
Microsoft Visual Studio Solution File, Format Version 12.00
# Visual Studio Version 17
VisualStudioVersion = 17.5.33424.131
MinimumVisualStudioVersion = 10.0.40219.1
Project("{FAE04EC0-301F-11D3-BF4B-00C04F79EFBC}") = "UDP Server", "UDP Server\UDP Server.csproj", "{695D2DC2-065F-4EF7-8A19-EA362D4B1A92}"
EndProject
Project("{FAE04EC0-301F-11D3-BF4B-00C04F79EFBC}") = "UDP Client", "UDP Client\UDP Client.csproj", "{5EDBAAFC-604B-4B46-A3AC-F13600F1442B}"
EndProject
Global
	GlobalSection(SolutionConfigurationPlatforms) = preSolution
		Debug|Any CPU = Debug|Any CPU
		Release|Any CPU = Release|Any CPU
	EndGlobalSection
	GlobalSection(ProjectConfigurationPlatforms) = postSolution
		{695D2DC2-065F-4EF7-8A19-EA362D4B1A92}.Debug|Any CPU.ActiveCfg = Debug|Any CPU
		{695D2DC2-065F-4EF7-8A19-EA362D4B1A92}.Debug|Any CPU.Build.0 = Debug|Any CPU
		{695D2DC2-065F-4EF7-8A19-EA362D4B1A92}.Release|Any CPU.ActiveCfg = Release|Any CPU
		{695D2DC2-065F-4EF7-8A19-EA362D4B1A92}.Release|Any CPU.Build.0 = Release|Any CPU
		{5EDBAAFC-604B-4B46-A3AC-F13600F1442B}.Debug|Any CPU.ActiveCfg = Debug|Any CPU
		{5EDBAAFC-604B-4B46-A3AC-F13600F1442B}.Debug|Any CPU.Build.0 = Debug|Any CPU
		{5EDBAAFC-604B-4B46-A3AC-F13600F1442B}.Release|Any CPU.ActiveCfg = Release|Any CPU
		{5EDBAAFC-604B-4B46-A3AC-F13600F1442B}.Release|Any CPU.Build.0 = Release|Any CPU
	EndGlobalSection
	GlobalSection(SolutionProperties) = preSolution
		HideSolutionNode = FALSE
	EndGlobalSection
	GlobalSection(ExtensibilityGlobals) = postSolution
		SolutionGuid = {0754D7BF-A2CF-4A92-AA90-1C61E5378E46}
	EndGlobalSection
EndGlobal
